
Microsoft Visual Studio Solution File, Format Version 12.00
# Visual Studio Version 17
VisualStudioVersion = 17.6.33801.468
MinimumVisualStudioVersion = 10.0.40219.1
Project("{888888A0-9F3D-457C-B088-3A5042F75D52}") = "Simplegame4", "Simplegame4\Simplegame4.pyproj", "{D806543C-16F4-4FDF-8832-176A4CBD69FE}"
EndProject
Global
	GlobalSection(SolutionConfigurationPlatforms) = preSolution
		Debug|Any CPU = Debug|Any CPU
		Release|Any CPU = Release|Any CPU
	EndGlobalSection
	GlobalSection(ProjectConfigurationPlatforms) = postSolution
		{D806543C-16F4-4FDF-8832-176A4CBD69FE}.Debug|Any CPU.ActiveCfg = Debug|Any CPU
		{D806543C-16F4-4FDF-8832-176A4CBD69FE}.Release|Any CPU.ActiveCfg = Release|Any CPU
	EndGlobalSection
	GlobalSection(SolutionProperties) = preSolution
		HideSolutionNode = FALSE
	EndGlobalSection
	GlobalSection(ExtensibilityGlobals) = postSolution
		SolutionGuid = {12B25CA6-51ED-470A-9440-79DB900ECDB8}
	EndGlobalSection
EndGlobal
